// !$*UTF8*$!
{
	archiveVersion = 1;
	classes = {
	};
	objectVersion = 50;
	objects = {

/* Begin PBXBuildFile section */
		D986F18E23E393FC0016ACED /* AppDelegate.swift in Sources */ = {isa = PBXBuildFile; fileRef = D986F18D23E393FC0016ACED /* AppDelegate.swift */; };
		D986F19023E393FC0016ACED /* SceneDelegate.swift in Sources */ = {isa = PBXBuildFile; fileRef = D986F18F23E393FC0016ACED /* SceneDelegate.swift */; };
		D986F19223E393FC0016ACED /* ViewController.swift in Sources */ = {isa = PBXBuildFile; fileRef = D986F19123E393FC0016ACED /* ViewController.swift */; };
		D986F19523E393FC0016ACED /* Main.storyboard in Resources */ = {isa = PBXBuildFile; fileRef = D986F19323E393FC0016ACED /* Main.storyboard */; };
		D986F19723E393FF0016ACED /* Assets.xcassets in Resources */ = {isa = PBXBuildFile; fileRef = D986F19623E393FF0016ACED /* Assets.xcassets */; };
		D986F19A23E393FF0016ACED /* LaunchScreen.storyboard in Resources */ = {isa = PBXBuildFile; fileRef = D986F19823E393FF0016ACED /* LaunchScreen.storyboard */; };
/* End PBXBuildFile section */

/* Begin PBXFileReference section */
		D986F18A23E393FC0016ACED /* P01-ColorMakerApp2.app */ = {isa = PBXFileReference; explicitFileType = wrapper.application; includeInIndex = 0; path = "P01-ColorMakerApp2.app"; sourceTree = BUILT_PRODUCTS_DIR; };
		D986F18D23E393FC0016ACED /* AppDelegate.swift */ = {isa = PBXFileReference; lastKnownFileType = sourcecode.swift; path = AppDelegate.swift; sourceTree = "<group>"; };
		D986F18F23E393FC0016ACED /* SceneDelegate.swift */ = {isa = PBXFileReference; lastKnownFileType = sourcecode.swift; path = SceneDelegate.swift; sourceTree = "<group>"; };
		D986F19123E393FC0016ACED /* ViewController.swift */ = {isa = PBXFileReference; lastKnownFileType = sourcecode.swift; path = ViewController.swift; sourceTree = "<group>"; };
		D986F19423E393FC0016ACED /* Base */ = {isa = PBXFileReference; lastKnownFileType = file.storyboard; name = Base; path = Base.lproj/Main.storyboard; sourceTree = "<group>"; };
		D986F19623E393FF0016ACED /* Assets.xcassets */ = {isa = PBXFileReference; lastKnownFileType = folder.assetcatalog; path = Assets.xcassets; sourceTree = "<group>"; };
		D986F19923E393FF0016ACED /* Base */ = {isa = PBXFileReference; lastKnownFileType = file.storyboard; name = Base; path = Base.lproj/LaunchScreen.storyboard; sourceTree = "<group>"; };
		D986F19B23E393FF0016ACED /* Info.plist */ = {isa = PBXFileReference; lastKnownFileType = text.plist.xml; path = Info.plist; sourceTree = "<group>"; };
/* End PBXFileReference section */

/* Begin PBXFrameworksBuildPhase section */
		D986F18723E393FC0016ACED /* Frameworks */ = {
			isa = PBXFrameworksBuildPhase;
			buildActionMask = 2147483647;
			files = (
			);
			runOnlyForDeploymentPostprocessing = 0;
		};
/* End PBXFrameworksBuildPhase section */

/* Begin PBXGroup section */
		D986F18123E393FC0016ACED = {
			isa = PBXGroup;
			children = (
				D986F18C23E393FC0016ACED /* P01-ColorMakerApp2 */,
				D986F18B23E393FC0016ACED /* Products */,
			);
			sourceTree = "<group>";
		};
		D986F18B23E393FC0016ACED /* Products */ = {
			isa = PBXGroup;
			children = (
				D986F18A23E393FC0016ACED /* P01-ColorMakerApp2.app */,
			);
			name = Products;
			sourceTree = "<group>";
		};
		D986F18C23E393FC0016ACED /* P01-ColorMakerApp2 */ = {
			isa = PBXGroup;
			children = (
				D986F18D23E393FC0016ACED /* AppDelegate.swift */,
				D986F18F23E393FC0016ACED /* SceneDelegate.swift */,
				D986F19123E393FC0016ACED /* ViewController.swift */,
				D986F19323E393FC0016ACED /* Main.storyboard */,
				D986F19623E393FF0016ACED /* Assets.xcassets */,
				D986F19823E393FF0016ACED /* LaunchScreen.storyboard */,
				D986F19B23E393FF0016ACED /* Info.plist */,
			);
			path = "P01-ColorMakerApp2";
			sourceTree = "<group>";
		};
/* End PBXGroup section */

/* Begin PBXNativeTarget section */
		D986F18923E393FC0016ACED /* P01-ColorMakerApp2 */ = {
			isa = PBXNativeTarget;
			buildConfigurationList = D986F19E23E393FF0016ACED /* Build configuration list for PBXNativeTarget "P01-ColorMakerApp2" */;
			buildPhases = (
				D986F18623E393FC0016ACED /* Sources */,
				D986F18723E393FC0016ACED /* Frameworks */,
				D986F18823E393FC0016ACED /* Resources */,
			);
			buildRules = (
			);
			dependencies = (
			);
			name = "P01-ColorMakerApp2";
			productName = "P01-ColorMakerApp2";
			productReference = D986F18A23E393FC0016ACED /* P01-ColorMakerApp2.app */;
			productType = "com.apple.product-type.application";
		};
/* End PBXNativeTarget section */

/* Begin PBXProject section */
		D986F18223E393FC0016ACED /* Project object */ = {
			isa = PBXProject;
			attributes = {
				LastSwiftUpdateCheck = 1130;
				LastUpgradeCheck = 1130;
				ORGANIZATIONNAME = ByRamon;
				TargetAttributes = {
					D986F18923E393FC0016ACED = {
						CreatedOnToolsVersion = 11.3;
					};
				};
			};
			buildConfigurationList = D986F18523E393FC0016ACED /* Build configuration list for PBXProject "P01-ColorMakerApp2" */;
			compatibilityVersion = "Xcode 9.3";
			developmentRegion = en;
			hasScannedForEncodings = 0;
			knownRegions = (
				en,
				Base,
			);
			mainGroup = D986F18123E393FC0016ACED;
			productRefGroup = D986F18B23E393FC0016ACED /* Products */;
			projectDirPath = "";
			projectRoot = "";
			targets = (
				D986F18923E393FC0016ACED /* P01-ColorMakerApp2 */,
			);
		};
/* End PBXProject section */

/* Begin PBXResourcesBuildPhase section */
		D986F18823E393FC0016ACED /* Resources */ = {
			isa = PBXResourcesBuildPhase;
			buildActionMask = 2147483647;
			files = (
				D986F19A23E393FF0016ACED /* LaunchScreen.storyboard in Resources */,
				D986F19723E393FF0016ACED /* Assets.xcassets in Resources */,
				D986F19523E393FC0016ACED /* Main.storyboard in Resources */,
			);
			runOnlyForDeploymentPostprocessing = 0;
		};
/* End PBXResourcesBuildPhase section */

/* Begin PBXSourcesBuildPhase section */
		D986F18623E393FC0016ACED /* Sources */ = {
			isa = PBXSourcesBuildPhase;
			buildActionMask = 2147483647;
			files = (
				D986F19223E393FC0016ACED /* ViewController.swift in Sources */,
				D986F18E23E393FC0016ACED /* AppDelegate.swift in Sources */,
				D986F19023E393FC0016ACED /* SceneDelegate.swift in Sources */,
			);
			runOnlyForDeploymentPostprocessing = 0;
		};
/* End PBXSourcesBuildPhase section */

/* Begin PBXVariantGroup section */
		D986F19323E393FC0016ACED /* Main.storyboard */ = {
			isa = PBXVariantGroup;
			children = (
				D986F19423E393FC0016ACED /* Base */,
			);
			name = Main.storyboard;
			sourceTree = "<group>";
		};
		D986F19823E393FF0016ACED /* LaunchScreen.storyboard */ = {
			isa = PBXVariantGroup;
			children = (
				D986F19923E393FF0016ACED /* Base */,
			);
			name = LaunchScreen.storyboard;
			sourceTree = "<group>";
		};
/* End PBXVariantGroup section */

/* Begin XCBuildConfiguration section */
		D986F19C23E393FF0016ACED /* Debug */ = {
			isa = XCBuildConfiguration;
			buildSettings = {
				ALWAYS_SEARCH_USER_PATHS = NO;
				CLANG_ANALYZER_NONNULL = YES;
				CLANG_ANALYZER_NUMBER_OBJECT_CONVERSION = YES_AGGRESSIVE;
				CLANG_CXX_LANGUAGE_STANDARD = "gnu++14";
				CLANG_CXX_LIBRARY = "libc++";
				CLANG_ENABLE_MODULES = YES;
				CLANG_ENABLE_OBJC_ARC = YES;
				CLANG_ENABLE_OBJC_WEAK = YES;
				CLANG_WARN_BLOCK_CAPTURE_AUTORELEASING = YES;
				CLANG_WARN_BOOL_CONVERSION = YES;
				CLANG_WARN_COMMA = YES;
				CLANG_WARN_CONSTANT_CONVERSION = YES;
				CLANG_WARN_DEPRECATED_OBJC_IMPLEMENTATIONS = YES;
				CLANG_WARN_DIRECT_OBJC_ISA_USAGE = YES_ERROR;
				CLANG_WARN_DOCUMENTATION_COMMENTS = YES;
				CLANG_WARN_EMPTY_BODY = YES;
				CLANG_WARN_ENUM_CONVERSION = YES;
				CLANG_WARN_INFINITE_RECURSION = YES;
				CLANG_WARN_INT_CONVERSION = YES;
				CLANG_WARN_NON_LITERAL_NULL_CONVERSION = YES;
				CLANG_WARN_OBJC_IMPLICIT_RETAIN_SELF = YES;
				CLANG_WARN_OBJC_LITERAL_CONVERSION = YES;
				CLANG_WARN_OBJC_ROOT_CLASS = YES_ERROR;
				CLANG_WARN_RANGE_LOOP_ANALYSIS = YES;
				CLANG_WARN_STRICT_PROTOTYPES = YES;
				CLANG_WARN_SUSPICIOUS_MOVE = YES;
				CLANG_WARN_UNGUARDED_AVAILABILITY = YES_AGGRESSIVE;
				CLANG_WARN_UNREACHABLE_CODE = YES;
				CLANG_WARN__DUPLICATE_METHOD_MATCH = YES;
				COPY_PHASE_STRIP = NO;
				DEBUG_INFORMATION_FORMAT = dwarf;
				ENABLE_STRICT_OBJC_MSGSEND = YES;
				ENABLE_TESTABILITY = YES;
				GCC_C_LANGUAGE_STANDARD = gnu11;
				GCC_DYNAMIC_NO_PIC = NO;
				GCC_NO_COMMON_BLOCKS = YES;
				GCC_OPTIMIZATION_LEVEL = 0;
				GCC_PREPROCESSOR_DEFINITIONS = (
					"DEBUG=1",
					"$(inherited)",
				);
				GCC_WARN_64_TO_32_BIT_CONVERSION = YES;
				GCC_WARN_ABOUT_RETURN_TYPE = YES_ERROR;
				GCC_WARN_UNDECLARED_SELECTOR = YES;
				GCC_WARN_UNINITIALIZED_AUTOS = YES_AGGRESSIVE;
				GCC_WARN_UNUSED_FUNCTION = YES;
				GCC_WARN_UNUSED_VARIABLE = YES;
				IPHONEOS_DEPLOYMENT_TARGET = 13.2;
				MTL_ENABLE_DEBUG_INFO = INCLUDE_SOURCE;
				MTL_FAST_MATH = YES;
				ONLY_ACTIVE_ARCH = YES;
				SDKROOT = iphoneos;
				SWIFT_ACTIVE_COMPILATION_CONDITIONS = DEBUG;
				SWIFT_OPTIMIZATION_LEVEL = "-Onone";
			};
			name = Debug;
		};
		D986F19D23E393FF0016ACED /* Release */ = {
			isa = XCBuildConfiguration;
			buildSettings = {
				ALWAYS_SEARCH_USER_PATHS = NO;
				CLANG_ANALYZER_NONNULL = YES;
				CLANG_ANALYZER_NUMBER_OBJECT_CONVERSION = YES_AGGRESSIVE;
				CLANG_CXX_LANGUAGE_STANDARD = "gnu++14";
				CLANG_CXX_LIBRARY = "libc++";
				CLANG_ENABLE_MODULES = YES;
				CLANG_ENABLE_OBJC_ARC = YES;
				CLANG_ENABLE_OBJC_WEAK = YES;
				CLANG_WARN_BLOCK_CAPTURE_AUTORELEASING = YES;
				CLANG_WARN_BOOL_CONVERSION = YES;
				CLANG_WARN_COMMA = YES;
				CLANG_WARN_CONSTANT_CONVERSION = YES;
				CLANG_WARN_DEPRECATED_OBJC_IMPLEMENTATIONS = YES;
				CLANG_WARN_DIRECT_OBJC_ISA_USAGE = YES_ERROR;
				CLANG_WARN_DOCUMENTATION_COMMENTS = YES;
				CLANG_WARN_EMPTY_BODY = YES;
				CLANG_WARN_ENUM_CONVERSION = YES;
				CLANG_WARN_INFINITE_RECURSION = YES;
				CLANG_WARN_INT_CONVERSION = YES;
				CLANG_WARN_NON_LITERAL_NULL_CONVERSION = YES;
				CLANG_WARN_OBJC_IMPLICIT_RETAIN_SELF = YES;
				CLANG_WARN_OBJC_LITERAL_CONVERSION = YES;
				CLANG_WARN_OBJC_ROOT_CLASS = YES_ERROR;
				CLANG_WARN_RANGE_LOOP_ANALYSIS = YES;
				CLANG_WARN_STRICT_PROTOTYPES = YES;
				CLANG_WARN_SUSPICIOUS_MOVE = YES;
				CLANG_WARN_UNGUARDED_AVAILABILITY = YES_AGGRESSIVE;
				CLANG_WARN_UNREACHABLE_CODE = YES;
				CLANG_WARN__DUPLICATE_METHOD_MATCH = YES;
				COPY_PHASE_STRIP = NO;
				DEBUG_INFORMATION_FORMAT = "dwarf-with-dsym";
				ENABLE_NS_ASSERTIONS = NO;
				ENABLE_STRICT_OBJC_MSGSEND = YES;
				GCC_C_LANGUAGE_STANDARD = gnu11;
				GCC_NO_COMMON_BLOCKS = YES;
				GCC_WARN_64_TO_32_BIT_CONVERSION = YES;
				GCC_WARN_ABOUT_RETURN_TYPE = YES_ERROR;
				GCC_WARN_UNDECLARED_SELECTOR = YES;
				GCC_WARN_UNINITIALIZED_AUTOS = YES_AGGRESSIVE;
				GCC_WARN_UNUSED_FUNCTION = YES;
				GCC_WARN_UNUSED_VARIABLE = YES;
				IPHONEOS_DEPLOYMENT_TARGET = 13.2;
				MTL_ENABLE_DEBUG_INFO = NO;
				MTL_FAST_MATH = YES;
				SDKROOT = iphoneos;
				SWIFT_COMPILATION_MODE = wholemodule;
				SWIFT_OPTIMIZATION_LEVEL = "-O";
				VALIDATE_PRODUCT = YES;
			};
			name = Release;
		};
		D986F19F23E393FF0016ACED /* Debug */ = {
			isa = XCBuildConfiguration;
			buildSettings = {
				ASSETCATALOG_COMPILER_APPICON_NAME = AppIcon;
				CODE_SIGN_STYLE = Automatic;
				DEVELOPMENT_TEAM = 7GX7MKQC59;
				INFOPLIST_FILE = "P01-ColorMakerApp2/Info.plist";
				LD_RUNPATH_SEARCH_PATHS = (
					"$(inherited)",
					"@executable_path/Frameworks",
				);
				PRODUCT_BUNDLE_IDENTIFIER = "ByRamon.P01-ColorMakerApp2";
				PRODUCT_NAME = "$(TARGET_NAME)";
				SWIFT_VERSION = 5.0;
				TARGETED_DEVICE_FAMILY = "1,2";
			};
			name = Debug;
		};
		D986F1A023E393FF0016ACED /* Release */ = {
			isa = XCBuildConfiguration;
			buildSettings = {
				ASSETCATALOG_COMPILER_APPICON_NAME = AppIcon;
				CODE_SIGN_STYLE = Automatic;
				DEVELOPMENT_TEAM = 7GX7MKQC59;
				INFOPLIST_FILE = "P01-ColorMakerApp2/Info.plist";
				LD_RUNPATH_SEARCH_PATHS = (
					"$(inherited)",
					"@executable_path/Frameworks",
				);
				PRODUCT_BUNDLE_IDENTIFIER = "ByRamon.P01-ColorMakerApp2";
				PRODUCT_NAME = "$(TARGET_NAME)";
				SWIFT_VERSION = 5.0;
				TARGETED_DEVICE_FAMILY = "1,2";
			};
			name = Release;
		};
/* End XCBuildConfiguration section */

/* Begin XCConfigurationList section */
		D986F18523E393FC0016ACED /* Build configuration list for PBXProject "P01-ColorMakerApp2" */ = {
			isa = XCConfigurationList;
			buildConfigurations = (
				D986F19C23E393FF0016ACED /* Debug */,
				D986F19D23E393FF0016ACED /* Release */,
			);
			defaultConfigurationIsVisible = 0;
			defaultConfigurationName = Release;
		};
		D986F19E23E393FF0016ACED /* Build configuration list for PBXNativeTarget "P01-ColorMakerApp2" */ = {
			isa = XCConfigurationList;
			buildConfigurations = (
				D986F19F23E393FF0016ACED /* Debug */,
				D986F1A023E393FF0016ACED /* Release */,
			);
			defaultConfigurationIsVisible = 0;
			defaultConfigurationName = Release;
		};
/* End XCConfigurationList section */
	};
	rootObject = D986F18223E393FC0016ACED /* Project object */;
}
